
Microsoft Visual Studio Solution File, Format Version 12.00
# Visual Studio Version 16
VisualStudioVersion = 16.0.31112.23
MinimumVisualStudioVersion = 10.0.40219.1
Project("{FAE04EC0-301F-11D3-BF4B-00C04F79EFBC}") = "com.orange.examination", "com.orange.examination.csproj", "{F263EF82-9668-4FEF-8B29-208A52A21ABB}"
EndProject
Global
	GlobalSection(SolutionConfigurationPlatforms) = preSolution
		Debug|Any CPU = Debug|Any CPU
		Release|Any CPU = Release|Any CPU
	EndGlobalSection
	GlobalSection(ProjectConfigurationPlatforms) = postSolution
		{F263EF82-9668-4FEF-8B29-208A52A21ABB}.Debug|Any CPU.ActiveCfg = Debug|Any CPU
		{F263EF82-9668-4FEF-8B29-208A52A21ABB}.Debug|Any CPU.Build.0 = Debug|Any CPU
		{F263EF82-9668-4FEF-8B29-208A52A21ABB}.Release|Any CPU.ActiveCfg = Release|Any CPU
		{F263EF82-9668-4FEF-8B29-208A52A21ABB}.Release|Any CPU.Build.0 = Release|Any CPU
	EndGlobalSection
	GlobalSection(SolutionProperties) = preSolution
		HideSolutionNode = FALSE
	EndGlobalSection
	GlobalSection(ExtensibilityGlobals) = postSolution
		SolutionGuid = {B6F48B6D-2ABB-427F-A6C0-CFA96C4DC6C5}
	EndGlobalSection
EndGlobal
